
Microsoft Visual Studio Solution File, Format Version 12.00
# Visual Studio Version 16
VisualStudioVersion = 16.0.29102.190
MinimumVisualStudioVersion = 10.0.40219.1
Project("{888888A0-9F3D-457C-B088-3A5042F75D52}") = "PFD", "PFD.pyproj", "{A8ECEFD1-21D1-4CC7-8470-F9769E664E02}"
EndProject
Global
	GlobalSection(SolutionConfigurationPlatforms) = preSolution
		Debug|Any CPU = Debug|Any CPU
		Release|Any CPU = Release|Any CPU
	EndGlobalSection
	GlobalSection(ProjectConfigurationPlatforms) = postSolution
		{A8ECEFD1-21D1-4CC7-8470-F9769E664E02}.Debug|Any CPU.ActiveCfg = Debug|Any CPU
		{A8ECEFD1-21D1-4CC7-8470-F9769E664E02}.Release|Any CPU.ActiveCfg = Release|Any CPU
	EndGlobalSection
	GlobalSection(SolutionProperties) = preSolution
		HideSolutionNode = FALSE
	EndGlobalSection
	GlobalSection(ExtensibilityGlobals) = postSolution
		SolutionGuid = {BFC3F25A-FAD3-4399-88A8-1BCBE46F2847}
	EndGlobalSection
EndGlobal
